// !$*UTF8*$!
{
	archiveVersion = 1;
	classes = {
	};
	objectVersion = 77;
	objects = {

/* Begin PBXBuildFile section */
		74E47B8A2CFB8B030010FC34 /* TradingCards2_0App.swift in Sources */ = {isa = PBXBuildFile; fileRef = 74E47B892CFB8B030010FC34 /* TradingCards2_0App.swift */; };
		74E47B9C2CFB8B310010FC34 /* Preview Assets.xcassets in Resources */ = {isa = PBXBuildFile; fileRef = 74E47B972CFB8B310010FC34 /* Preview Assets.xcassets */; };
		74E47B9D2CFB8B310010FC34 /* Assets.xcassets in Resources */ = {isa = PBXBuildFile; fileRef = 74E47B992CFB8B310010FC34 /* Assets.xcassets */; };
		74E47BA22CFB8BB40010FC34 /* PlayerCardView.swift in Sources */ = {isa = PBXBuildFile; fileRef = 74E47BA12CFB8BB40010FC34 /* PlayerCardView.swift */; };
		74E47BA42CFB8BDC0010FC34 /* PlayerTabView.swift in Sources */ = {isa = PBXBuildFile; fileRef = 74E47BA32CFB8BDC0010FC34 /* PlayerTabView.swift */; };
		74E47BB02CFBA5880010FC34 /* Player.swift in Sources */ = {isa = PBXBuildFile; fileRef = 74E47BAF2CFBA5880010FC34 /* Player.swift */; };
/* End PBXBuildFile section */

/* Begin PBXFileReference section */
		74E47B862CFB8B030010FC34 /* TradingCards2.0.app */ = {isa = PBXFileReference; explicitFileType = wrapper.application; includeInIndex = 0; path = TradingCards2.0.app; sourceTree = BUILT_PRODUCTS_DIR; };
		74E47B892CFB8B030010FC34 /* TradingCards2_0App.swift */ = {isa = PBXFileReference; lastKnownFileType = sourcecode.swift; path = TradingCards2_0App.swift; sourceTree = "<group>"; };
		74E47B972CFB8B310010FC34 /* Preview Assets.xcassets */ = {isa = PBXFileReference; lastKnownFileType = folder.assetcatalog; path = "Preview Assets.xcassets"; sourceTree = "<group>"; };
		74E47B992CFB8B310010FC34 /* Assets.xcassets */ = {isa = PBXFileReference; lastKnownFileType = folder.assetcatalog; path = Assets.xcassets; sourceTree = "<group>"; };
		74E47BA12CFB8BB40010FC34 /* PlayerCardView.swift */ = {isa = PBXFileReference; lastKnownFileType = sourcecode.swift; path = PlayerCardView.swift; sourceTree = "<group>"; };
		74E47BA32CFB8BDC0010FC34 /* PlayerTabView.swift */ = {isa = PBXFileReference; lastKnownFileType = sourcecode.swift; path = PlayerTabView.swift; sourceTree = "<group>"; };
		74E47BAF2CFBA5880010FC34 /* Player.swift */ = {isa = PBXFileReference; lastKnownFileType = sourcecode.swift; path = Player.swift; sourceTree = "<group>"; };
/* End PBXFileReference section */

/* Begin PBXFrameworksBuildPhase section */
		74E47B832CFB8B030010FC34 /* Frameworks */ = {
			isa = PBXFrameworksBuildPhase;
			buildActionMask = 2147483647;
			files = (
			);
			runOnlyForDeploymentPostprocessing = 0;
		};
/* End PBXFrameworksBuildPhase section */

/* Begin PBXGroup section */
		74E47B7D2CFB8B030010FC34 = {
			isa = PBXGroup;
			children = (
				74E47B892CFB8B030010FC34 /* TradingCards2_0App.swift */,
				74E47B9B2CFB8B310010FC34 /* TradingCards2.0 */,
				74E47B872CFB8B030010FC34 /* Products */,
			);
			sourceTree = "<group>";
		};
		74E47B872CFB8B030010FC34 /* Products */ = {
			isa = PBXGroup;
			children = (
				74E47B862CFB8B030010FC34 /* TradingCards2.0.app */,
			);
			name = Products;
			sourceTree = "<group>";
		};
		74E47B982CFB8B310010FC34 /* Preview Content */ = {
			isa = PBXGroup;
			children = (
				74E47B972CFB8B310010FC34 /* Preview Assets.xcassets */,
			);
			path = "Preview Content";
			sourceTree = "<group>";
		};
		74E47B9B2CFB8B310010FC34 /* TradingCards2.0 */ = {
			isa = PBXGroup;
			children = (
				74E47BAE2CFBA5620010FC34 /* Models */,
				74E47B9F2CFB8B3E0010FC34 /* Views */,
				74E47B982CFB8B310010FC34 /* Preview Content */,
				74E47B992CFB8B310010FC34 /* Assets.xcassets */,
			);
			path = TradingCards2.0;
			sourceTree = "<group>";
		};
		74E47B9F2CFB8B3E0010FC34 /* Views */ = {
			isa = PBXGroup;
			children = (
				74E47BA32CFB8BDC0010FC34 /* PlayerTabView.swift */,
				74E47BA12CFB8BB40010FC34 /* PlayerCardView.swift */,
			);
			path = Views;
			sourceTree = "<group>";
		};
		74E47BAE2CFBA5620010FC34 /* Models */ = {
			isa = PBXGroup;
			children = (
				74E47BAF2CFBA5880010FC34 /* Player.swift */,
			);
			path = Models;
			sourceTree = "<group>";
		};
/* End PBXGroup section */

/* Begin PBXNativeTarget section */
		74E47B852CFB8B030010FC34 /* TradingCards2.0 */ = {
			isa = PBXNativeTarget;
			buildConfigurationList = 74E47B942CFB8B040010FC34 /* Build configuration list for PBXNativeTarget "TradingCards2.0" */;
			buildPhases = (
				74E47B822CFB8B030010FC34 /* Sources */,
				74E47B832CFB8B030010FC34 /* Frameworks */,
				74E47B842CFB8B030010FC34 /* Resources */,
			);
			buildRules = (
			);
			dependencies = (
			);
			name = TradingCards2.0;
			packageProductDependencies = (
			);
			productName = TradingCards2.0;
			productReference = 74E47B862CFB8B030010FC34 /* TradingCards2.0.app */;
			productType = "com.apple.product-type.application";
		};
/* End PBXNativeTarget section */

/* Begin PBXProject section */
		74E47B7E2CFB8B030010FC34 /* Project object */ = {
			isa = PBXProject;
			attributes = {
				BuildIndependentTargetsInParallel = 1;
				LastSwiftUpdateCheck = 1610;
				LastUpgradeCheck = 1610;
				TargetAttributes = {
					74E47B852CFB8B030010FC34 = {
						CreatedOnToolsVersion = 16.1;
					};
				};
			};
			buildConfigurationList = 74E47B812CFB8B030010FC34 /* Build configuration list for PBXProject "TradingCards2.0" */;
			developmentRegion = en;
			hasScannedForEncodings = 0;
			knownRegions = (
				en,
				Base,
			);
			mainGroup = 74E47B7D2CFB8B030010FC34;
			minimizedProjectReferenceProxies = 1;
			preferredProjectObjectVersion = 77;
			productRefGroup = 74E47B872CFB8B030010FC34 /* Products */;
			projectDirPath = "";
			projectRoot = "";
			targets = (
				74E47B852CFB8B030010FC34 /* TradingCards2.0 */,
			);
		};
/* End PBXProject section */

/* Begin PBXResourcesBuildPhase section */
		74E47B842CFB8B030010FC34 /* Resources */ = {
			isa = PBXResourcesBuildPhase;
			buildActionMask = 2147483647;
			files = (
				74E47B9C2CFB8B310010FC34 /* Preview Assets.xcassets in Resources */,
				74E47B9D2CFB8B310010FC34 /* Assets.xcassets in Resources */,
			);
			runOnlyForDeploymentPostprocessing = 0;
		};
/* End PBXResourcesBuildPhase section */

/* Begin PBXSourcesBuildPhase section */
		74E47B822CFB8B030010FC34 /* Sources */ = {
			isa = PBXSourcesBuildPhase;
			buildActionMask = 2147483647;
			files = (
				74E47BB02CFBA5880010FC34 /* Player.swift in Sources */,
				74E47BA22CFB8BB40010FC34 /* PlayerCardView.swift in Sources */,
				74E47BA42CFB8BDC0010FC34 /* PlayerTabView.swift in Sources */,
				74E47B8A2CFB8B030010FC34 /* TradingCards2_0App.swift in Sources */,
			);
			runOnlyForDeploymentPostprocessing = 0;
		};
/* End PBXSourcesBuildPhase section */

/* Begin XCBuildConfiguration section */
		74E47B922CFB8B040010FC34 /* Debug */ = {
			isa = XCBuildConfiguration;
			buildSettings = {
				ALWAYS_SEARCH_USER_PATHS = NO;
				ASSETCATALOG_COMPILER_GENERATE_SWIFT_ASSET_SYMBOL_EXTENSIONS = YES;
				CLANG_ANALYZER_NONNULL = YES;
				CLANG_ANALYZER_NUMBER_OBJECT_CONVERSION = YES_AGGRESSIVE;
				CLANG_CXX_LANGUAGE_STANDARD = "gnu++20";
				CLANG_ENABLE_MODULES = YES;
				CLANG_ENABLE_OBJC_ARC = YES;
				CLANG_ENABLE_OBJC_WEAK = YES;
				CLANG_WARN_BLOCK_CAPTURE_AUTORELEASING = YES;
				CLANG_WARN_BOOL_CONVERSION = YES;
				CLANG_WARN_COMMA = YES;
				CLANG_WARN_CONSTANT_CONVERSION = YES;
				CLANG_WARN_DEPRECATED_OBJC_IMPLEMENTATIONS = YES;
				CLANG_WARN_DIRECT_OBJC_ISA_USAGE = YES_ERROR;
				CLANG_WARN_DOCUMENTATION_COMMENTS = YES;
				CLANG_WARN_EMPTY_BODY = YES;
				CLANG_WARN_ENUM_CONVERSION = YES;
				CLANG_WARN_INFINITE_RECURSION = YES;
				CLANG_WARN_INT_CONVERSION = YES;
				CLANG_WARN_NON_LITERAL_NULL_CONVERSION = YES;
				CLANG_WARN_OBJC_IMPLICIT_RETAIN_SELF = YES;
				CLANG_WARN_OBJC_LITERAL_CONVERSION = YES;
				CLANG_WARN_OBJC_ROOT_CLASS = YES_ERROR;
				CLANG_WARN_QUOTED_INCLUDE_IN_FRAMEWORK_HEADER = YES;
				CLANG_WARN_RANGE_LOOP_ANALYSIS = YES;
				CLANG_WARN_STRICT_PROTOTYPES = YES;
				CLANG_WARN_SUSPICIOUS_MOVE = YES;
				CLANG_WARN_UNGUARDED_AVAILABILITY = YES_AGGRESSIVE;
				CLANG_WARN_UNREACHABLE_CODE = YES;
				CLANG_WARN__DUPLICATE_METHOD_MATCH = YES;
				COPY_PHASE_STRIP = NO;
				DEBUG_INFORMATION_FORMAT = dwarf;
				ENABLE_STRICT_OBJC_MSGSEND = YES;
				ENABLE_TESTABILITY = YES;
				ENABLE_USER_SCRIPT_SANDBOXING = YES;
				GCC_C_LANGUAGE_STANDARD = gnu17;
				GCC_DYNAMIC_NO_PIC = NO;
				GCC_NO_COMMON_BLOCKS = YES;
				GCC_OPTIMIZATION_LEVEL = 0;
				GCC_PREPROCESSOR_DEFINITIONS = (
					"DEBUG=1",
					"$(inherited)",
				);
				GCC_WARN_64_TO_32_BIT_CONVERSION = YES;
				GCC_WARN_ABOUT_RETURN_TYPE = YES_ERROR;
				GCC_WARN_UNDECLARED_SELECTOR = YES;
				GCC_WARN_UNINITIALIZED_AUTOS = YES_AGGRESSIVE;
				GCC_WARN_UNUSED_FUNCTION = YES;
				GCC_WARN_UNUSED_VARIABLE = YES;
				IPHONEOS_DEPLOYMENT_TARGET = 18.1;
				LOCALIZATION_PREFERS_STRING_CATALOGS = YES;
				MTL_ENABLE_DEBUG_INFO = INCLUDE_SOURCE;
				MTL_FAST_MATH = YES;
				ONLY_ACTIVE_ARCH = YES;
				SDKROOT = iphoneos;
				SWIFT_ACTIVE_COMPILATION_CONDITIONS = "DEBUG $(inherited)";
				SWIFT_OPTIMIZATION_LEVEL = "-Onone";
			};
			name = Debug;
		};
		74E47B932CFB8B040010FC34 /* Release */ = {
			isa = XCBuildConfiguration;
			buildSettings = {
				ALWAYS_SEARCH_USER_PATHS = NO;
				ASSETCATALOG_COMPILER_GENERATE_SWIFT_ASSET_SYMBOL_EXTENSIONS = YES;
				CLANG_ANALYZER_NONNULL = YES;
				CLANG_ANALYZER_NUMBER_OBJECT_CONVERSION = YES_AGGRESSIVE;
				CLANG_CXX_LANGUAGE_STANDARD = "gnu++20";
				CLANG_ENABLE_MODULES = YES;
				CLANG_ENABLE_OBJC_ARC = YES;
				CLANG_ENABLE_OBJC_WEAK = YES;
				CLANG_WARN_BLOCK_CAPTURE_AUTORELEASING = YES;
				CLANG_WARN_BOOL_CONVERSION = YES;
				CLANG_WARN_COMMA = YES;
				CLANG_WARN_CONSTANT_CONVERSION = YES;
				CLANG_WARN_DEPRECATED_OBJC_IMPLEMENTATIONS = YES;
				CLANG_WARN_DIRECT_OBJC_ISA_USAGE = YES_ERROR;
				CLANG_WARN_DOCUMENTATION_COMMENTS = YES;
				CLANG_WARN_EMPTY_BODY = YES;
				CLANG_WARN_ENUM_CONVERSION = YES;
				CLANG_WARN_INFINITE_RECURSION = YES;
				CLANG_WARN_INT_CONVERSION = YES;
				CLANG_WARN_NON_LITERAL_NULL_CONVERSION = YES;
				CLANG_WARN_OBJC_IMPLICIT_RETAIN_SELF = YES;
				CLANG_WARN_OBJC_LITERAL_CONVERSION = YES;
				CLANG_WARN_OBJC_ROOT_CLASS = YES_ERROR;
				CLANG_WARN_QUOTED_INCLUDE_IN_FRAMEWORK_HEADER = YES;
				CLANG_WARN_RANGE_LOOP_ANALYSIS = YES;
				CLANG_WARN_STRICT_PROTOTYPES = YES;
				CLANG_WARN_SUSPICIOUS_MOVE = YES;
				CLANG_WARN_UNGUARDED_AVAILABILITY = YES_AGGRESSIVE;
				CLANG_WARN_UNREACHABLE_CODE = YES;
				CLANG_WARN__DUPLICATE_METHOD_MATCH = YES;
				COPY_PHASE_STRIP = NO;
				DEBUG_INFORMATION_FORMAT = "dwarf-with-dsym";
				ENABLE_NS_ASSERTIONS = NO;
				ENABLE_STRICT_OBJC_MSGSEND = YES;
				ENABLE_USER_SCRIPT_SANDBOXING = YES;
				GCC_C_LANGUAGE_STANDARD = gnu17;
				GCC_NO_COMMON_BLOCKS = YES;
				GCC_WARN_64_TO_32_BIT_CONVERSION = YES;
				GCC_WARN_ABOUT_RETURN_TYPE = YES_ERROR;
				GCC_WARN_UNDECLARED_SELECTOR = YES;
				GCC_WARN_UNINITIALIZED_AUTOS = YES_AGGRESSIVE;
				GCC_WARN_UNUSED_FUNCTION = YES;
				GCC_WARN_UNUSED_VARIABLE = YES;
				IPHONEOS_DEPLOYMENT_TARGET = 18.1;
				LOCALIZATION_PREFERS_STRING_CATALOGS = YES;
				MTL_ENABLE_DEBUG_INFO = NO;
				MTL_FAST_MATH = YES;
				SDKROOT = iphoneos;
				SWIFT_COMPILATION_MODE = wholemodule;
				VALIDATE_PRODUCT = YES;
			};
			name = Release;
		};
		74E47B952CFB8B040010FC34 /* Debug */ = {
			isa = XCBuildConfiguration;
			buildSettings = {
				ASSETCATALOG_COMPILER_APPICON_NAME = AppIcon;
				ASSETCATALOG_COMPILER_GLOBAL_ACCENT_COLOR_NAME = AccentColor;
				CODE_SIGN_STYLE = Automatic;
				CURRENT_PROJECT_VERSION = 1;
				DEVELOPMENT_ASSET_PATHS = "\"TradingCards2.0/Preview Content\"";
				ENABLE_PREVIEWS = YES;
				GENERATE_INFOPLIST_FILE = YES;
				INFOPLIST_KEY_UIApplicationSceneManifest_Generation = YES;
				INFOPLIST_KEY_UIApplicationSupportsIndirectInputEvents = YES;
				INFOPLIST_KEY_UILaunchScreen_Generation = YES;
				INFOPLIST_KEY_UISupportedInterfaceOrientations_iPad = "UIInterfaceOrientationPortrait UIInterfaceOrientationPortraitUpsideDown UIInterfaceOrientationLandscapeLeft UIInterfaceOrientationLandscapeRight";
				INFOPLIST_KEY_UISupportedInterfaceOrientations_iPhone = "UIInterfaceOrientationPortrait UIInterfaceOrientationLandscapeLeft UIInterfaceOrientationLandscapeRight";
				LD_RUNPATH_SEARCH_PATHS = (
					"$(inherited)",
					"@executable_path/Frameworks",
				);
				MARKETING_VERSION = 1.0;
				PRODUCT_BUNDLE_IDENTIFIER = "name.harshandhindsa.TradingCards2-0";
				PRODUCT_NAME = "$(TARGET_NAME)";
				SWIFT_EMIT_LOC_STRINGS = YES;
				SWIFT_VERSION = 5.0;
				TARGETED_DEVICE_FAMILY = "1,2";
			};
			name = Debug;
		};
		74E47B962CFB8B040010FC34 /* Release */ = {
			isa = XCBuildConfiguration;
			buildSettings = {
				ASSETCATALOG_COMPILER_APPICON_NAME = AppIcon;
				ASSETCATALOG_COMPILER_GLOBAL_ACCENT_COLOR_NAME = AccentColor;
				CODE_SIGN_STYLE = Automatic;
				CURRENT_PROJECT_VERSION = 1;
				DEVELOPMENT_ASSET_PATHS = "\"TradingCards2.0/Preview Content\"";
				ENABLE_PREVIEWS = YES;
				GENERATE_INFOPLIST_FILE = YES;
				INFOPLIST_KEY_UIApplicationSceneManifest_Generation = YES;
				INFOPLIST_KEY_UIApplicationSupportsIndirectInputEvents = YES;
				INFOPLIST_KEY_UILaunchScreen_Generation = YES;
				INFOPLIST_KEY_UISupportedInterfaceOrientations_iPad = "UIInterfaceOrientationPortrait UIInterfaceOrientationPortraitUpsideDown UIInterfaceOrientationLandscapeLeft UIInterfaceOrientationLandscapeRight";
				INFOPLIST_KEY_UISupportedInterfaceOrientations_iPhone = "UIInterfaceOrientationPortrait UIInterfaceOrientationLandscapeLeft UIInterfaceOrientationLandscapeRight";
				LD_RUNPATH_SEARCH_PATHS = (
					"$(inherited)",
					"@executable_path/Frameworks",
				);
				MARKETING_VERSION = 1.0;
				PRODUCT_BUNDLE_IDENTIFIER = "name.harshandhindsa.TradingCards2-0";
				PRODUCT_NAME = "$(TARGET_NAME)";
				SWIFT_EMIT_LOC_STRINGS = YES;
				SWIFT_VERSION = 5.0;
				TARGETED_DEVICE_FAMILY = "1,2";
			};
			name = Release;
		};
/* End XCBuildConfiguration section */

/* Begin XCConfigurationList section */
		74E47B812CFB8B030010FC34 /* Build configuration list for PBXProject "TradingCards2.0" */ = {
			isa = XCConfigurationList;
			buildConfigurations = (
				74E47B922CFB8B040010FC34 /* Debug */,
				74E47B932CFB8B040010FC34 /* Release */,
			);
			defaultConfigurationIsVisible = 0;
			defaultConfigurationName = Release;
		};
		74E47B942CFB8B040010FC34 /* Build configuration list for PBXNativeTarget "TradingCards2.0" */ = {
			isa = XCConfigurationList;
			buildConfigurations = (
				74E47B952CFB8B040010FC34 /* Debug */,
				74E47B962CFB8B040010FC34 /* Release */,
			);
			defaultConfigurationIsVisible = 0;
			defaultConfigurationName = Release;
		};
/* End XCConfigurationList section */
	};
	rootObject = 74E47B7E2CFB8B030010FC34 /* Project object */;
}
